
Microsoft Visual Studio Solution File, Format Version 12.00
# Visual Studio Version 16
VisualStudioVersion = 16.0.30907.101
MinimumVisualStudioVersion = 10.0.40219.1
Project("{FAE04EC0-301F-11D3-BF4B-00C04F79EFBC}") = "InfiniteJumps", "InfiniteJumps.csproj", "{6C3C2036-BE88-4797-852F-2DC75F948815}"
EndProject
Global
	GlobalSection(SolutionConfigurationPlatforms) = preSolution
		Debug|Any CPU = Debug|Any CPU
		Release|Any CPU = Release|Any CPU
	EndGlobalSection
	GlobalSection(ProjectConfigurationPlatforms) = postSolution
		{6C3C2036-BE88-4797-852F-2DC75F948815}.Debug|Any CPU.ActiveCfg = Debug|Any CPU
		{6C3C2036-BE88-4797-852F-2DC75F948815}.Debug|Any CPU.Build.0 = Debug|Any CPU
		{6C3C2036-BE88-4797-852F-2DC75F948815}.Release|Any CPU.ActiveCfg = Release|Any CPU
		{6C3C2036-BE88-4797-852F-2DC75F948815}.Release|Any CPU.Build.0 = Release|Any CPU
	EndGlobalSection
	GlobalSection(SolutionProperties) = preSolution
		HideSolutionNode = FALSE
	EndGlobalSection
	GlobalSection(ExtensibilityGlobals) = postSolution
		SolutionGuid = {87C21757-2A29-46DE-8D95-C95E38170327}
	EndGlobalSection
EndGlobal
